
Microsoft Visual Studio Solution File, Format Version 12.00
# Visual Studio Version 16
VisualStudioVersion = 16.0.31613.86
MinimumVisualStudioVersion = 10.0.40219.1
Project("{FAE04EC0-301F-11D3-BF4B-00C04F79EFBC}") = "DadosdoFuncionario", "DadosdoFuncionario\DadosdoFuncionario.csproj", "{A27CBF95-1BB4-4235-9526-85434CC547E8}"
EndProject
Global
	GlobalSection(SolutionConfigurationPlatforms) = preSolution
		Debug|Any CPU = Debug|Any CPU
		Release|Any CPU = Release|Any CPU
	EndGlobalSection
	GlobalSection(ProjectConfigurationPlatforms) = postSolution
		{A27CBF95-1BB4-4235-9526-85434CC547E8}.Debug|Any CPU.ActiveCfg = Debug|Any CPU
		{A27CBF95-1BB4-4235-9526-85434CC547E8}.Debug|Any CPU.Build.0 = Debug|Any CPU
		{A27CBF95-1BB4-4235-9526-85434CC547E8}.Release|Any CPU.ActiveCfg = Release|Any CPU
		{A27CBF95-1BB4-4235-9526-85434CC547E8}.Release|Any CPU.Build.0 = Release|Any CPU
	EndGlobalSection
	GlobalSection(SolutionProperties) = preSolution
		HideSolutionNode = FALSE
	EndGlobalSection
	GlobalSection(ExtensibilityGlobals) = postSolution
		SolutionGuid = {54D8F4BF-CCE0-43AC-8BEA-951E398BF6AB}
	EndGlobalSection
EndGlobal
